
Microsoft Visual Studio Solution File, Format Version 12.00
# Visual Studio Version 17
VisualStudioVersion = 17.11.35219.272
MinimumVisualStudioVersion = 10.0.40219.1
Project("{FAE04EC0-301F-11D3-BF4B-00C04F79EFBC}") = "hotelManagementSystem", "hotelManagementSystem.csproj", "{29D04C20-3416-4373-A2F6-7C74B4E6535E}"
EndProject
Global
	GlobalSection(SolutionConfigurationPlatforms) = preSolution
		Debug|Any CPU = Debug|Any CPU
		Release|Any CPU = Release|Any CPU
	EndGlobalSection
	GlobalSection(ProjectConfigurationPlatforms) = postSolution
		{29D04C20-3416-4373-A2F6-7C74B4E6535E}.Debug|Any CPU.ActiveCfg = Debug|Any CPU
		{29D04C20-3416-4373-A2F6-7C74B4E6535E}.Debug|Any CPU.Build.0 = Debug|Any CPU
		{29D04C20-3416-4373-A2F6-7C74B4E6535E}.Release|Any CPU.ActiveCfg = Release|Any CPU
		{29D04C20-3416-4373-A2F6-7C74B4E6535E}.Release|Any CPU.Build.0 = Release|Any CPU
	EndGlobalSection
	GlobalSection(SolutionProperties) = preSolution
		HideSolutionNode = FALSE
	EndGlobalSection
	GlobalSection(ExtensibilityGlobals) = postSolution
		SolutionGuid = {01B0223E-DF5D-454C-8C15-9B789C974EFB}
	EndGlobalSection
EndGlobal
